
Microsoft Visual Studio Solution File, Format Version 12.00
# Visual Studio Version 16
VisualStudioVersion = 16.0.31410.357
MinimumVisualStudioVersion = 10.0.40219.1
Project("{FAE04EC0-301F-11D3-BF4B-00C04F79EFBC}") = "ImagesRedundancyFilter", "ImagesRedundancyFilter\ImagesRedundancyFilter.csproj", "{234F58C0-2782-4038-A6D4-DC1D627F6121}"
EndProject
Global
	GlobalSection(SolutionConfigurationPlatforms) = preSolution
		Debug|Any CPU = Debug|Any CPU
		Release|Any CPU = Release|Any CPU
	EndGlobalSection
	GlobalSection(ProjectConfigurationPlatforms) = postSolution
		{234F58C0-2782-4038-A6D4-DC1D627F6121}.Debug|Any CPU.ActiveCfg = Debug|Any CPU
		{234F58C0-2782-4038-A6D4-DC1D627F6121}.Debug|Any CPU.Build.0 = Debug|Any CPU
		{234F58C0-2782-4038-A6D4-DC1D627F6121}.Release|Any CPU.ActiveCfg = Release|Any CPU
		{234F58C0-2782-4038-A6D4-DC1D627F6121}.Release|Any CPU.Build.0 = Release|Any CPU
	EndGlobalSection
	GlobalSection(SolutionProperties) = preSolution
		HideSolutionNode = FALSE
	EndGlobalSection
	GlobalSection(ExtensibilityGlobals) = postSolution
		SolutionGuid = {1097A88C-DEB2-4BCA-8053-495E88F28713}
	EndGlobalSection
EndGlobal
